// !$*UTF8*$!
{
	archiveVersion = 1;
	classes = {
	};
	objectVersion = 56;
	objects = {

/* Begin PBXBuildFile section */
		8FFFEE892A42940E006A5CDD /* AppDelegate.swift in Sources */ = {isa = PBXBuildFile; fileRef = 8FFFEE882A42940E006A5CDD /* AppDelegate.swift */; };
		8FFFEE8B2A42940E006A5CDD /* SceneDelegate.swift in Sources */ = {isa = PBXBuildFile; fileRef = 8FFFEE8A2A42940E006A5CDD /* SceneDelegate.swift */; };
		8FFFEE8D2A42940E006A5CDD /* ViewController.swift in Sources */ = {isa = PBXBuildFile; fileRef = 8FFFEE8C2A42940E006A5CDD /* ViewController.swift */; };
		8FFFEE902A42940E006A5CDD /* Main.storyboard in Resources */ = {isa = PBXBuildFile; fileRef = 8FFFEE8E2A42940E006A5CDD /* Main.storyboard */; };
		8FFFEE922A429410006A5CDD /* Assets.xcassets in Resources */ = {isa = PBXBuildFile; fileRef = 8FFFEE912A429410006A5CDD /* Assets.xcassets */; };
		8FFFEE952A429411006A5CDD /* LaunchScreen.storyboard in Resources */ = {isa = PBXBuildFile; fileRef = 8FFFEE932A429410006A5CDD /* LaunchScreen.storyboard */; };
		8FFFEE9E2A4294F1006A5CDD /* KeyboardState.swift in Sources */ = {isa = PBXBuildFile; fileRef = 8FFFEE9D2A4294F1006A5CDD /* KeyboardState.swift */; };
/* End PBXBuildFile section */

/* Begin PBXFileReference section */
		8FFFEE852A42940E006A5CDD /* KeyboardStateWrapper.app */ = {isa = PBXFileReference; explicitFileType = wrapper.application; includeInIndex = 0; path = KeyboardStateWrapper.app; sourceTree = BUILT_PRODUCTS_DIR; };
		8FFFEE882A42940E006A5CDD /* AppDelegate.swift */ = {isa = PBXFileReference; lastKnownFileType = sourcecode.swift; path = AppDelegate.swift; sourceTree = "<group>"; };
		8FFFEE8A2A42940E006A5CDD /* SceneDelegate.swift */ = {isa = PBXFileReference; lastKnownFileType = sourcecode.swift; path = SceneDelegate.swift; sourceTree = "<group>"; };
		8FFFEE8C2A42940E006A5CDD /* ViewController.swift */ = {isa = PBXFileReference; lastKnownFileType = sourcecode.swift; path = ViewController.swift; sourceTree = "<group>"; };
		8FFFEE8F2A42940E006A5CDD /* Base */ = {isa = PBXFileReference; lastKnownFileType = file.storyboard; name = Base; path = Base.lproj/Main.storyboard; sourceTree = "<group>"; };
		8FFFEE912A429410006A5CDD /* Assets.xcassets */ = {isa = PBXFileReference; lastKnownFileType = folder.assetcatalog; path = Assets.xcassets; sourceTree = "<group>"; };
		8FFFEE942A429410006A5CDD /* Base */ = {isa = PBXFileReference; lastKnownFileType = file.storyboard; name = Base; path = Base.lproj/LaunchScreen.storyboard; sourceTree = "<group>"; };
		8FFFEE962A429411006A5CDD /* Info.plist */ = {isa = PBXFileReference; lastKnownFileType = text.plist.xml; path = Info.plist; sourceTree = "<group>"; };
		8FFFEE9D2A4294F1006A5CDD /* KeyboardState.swift */ = {isa = PBXFileReference; lastKnownFileType = sourcecode.swift; path = KeyboardState.swift; sourceTree = "<group>"; };
/* End PBXFileReference section */

/* Begin PBXFrameworksBuildPhase section */
		8FFFEE822A42940E006A5CDD /* Frameworks */ = {
			isa = PBXFrameworksBuildPhase;
			buildActionMask = 2147483647;
			files = (
			);
			runOnlyForDeploymentPostprocessing = 0;
		};
/* End PBXFrameworksBuildPhase section */

/* Begin PBXGroup section */
		8FFFEE7C2A42940E006A5CDD = {
			isa = PBXGroup;
			children = (
				8FFFEE872A42940E006A5CDD /* KeyboardStateWrapper */,
				8FFFEE862A42940E006A5CDD /* Products */,
			);
			sourceTree = "<group>";
		};
		8FFFEE862A42940E006A5CDD /* Products */ = {
			isa = PBXGroup;
			children = (
				8FFFEE852A42940E006A5CDD /* KeyboardStateWrapper.app */,
			);
			name = Products;
			sourceTree = "<group>";
		};
		8FFFEE872A42940E006A5CDD /* KeyboardStateWrapper */ = {
			isa = PBXGroup;
			children = (
				8FFFEE9C2A4294D2006A5CDD /* Sources */,
				8FFFEE882A42940E006A5CDD /* AppDelegate.swift */,
				8FFFEE8A2A42940E006A5CDD /* SceneDelegate.swift */,
				8FFFEE8C2A42940E006A5CDD /* ViewController.swift */,
				8FFFEE8E2A42940E006A5CDD /* Main.storyboard */,
				8FFFEE912A429410006A5CDD /* Assets.xcassets */,
				8FFFEE932A429410006A5CDD /* LaunchScreen.storyboard */,
				8FFFEE962A429411006A5CDD /* Info.plist */,
			);
			path = KeyboardStateWrapper;
			sourceTree = "<group>";
		};
		8FFFEE9C2A4294D2006A5CDD /* Sources */ = {
			isa = PBXGroup;
			children = (
				8FFFEE9D2A4294F1006A5CDD /* KeyboardState.swift */,
			);
			path = Sources;
			sourceTree = "<group>";
		};
/* End PBXGroup section */

/* Begin PBXNativeTarget section */
		8FFFEE842A42940E006A5CDD /* KeyboardStateWrapper */ = {
			isa = PBXNativeTarget;
			buildConfigurationList = 8FFFEE992A429411006A5CDD /* Build configuration list for PBXNativeTarget "KeyboardStateWrapper" */;
			buildPhases = (
				8FFFEE812A42940E006A5CDD /* Sources */,
				8FFFEE822A42940E006A5CDD /* Frameworks */,
				8FFFEE832A42940E006A5CDD /* Resources */,
			);
			buildRules = (
			);
			dependencies = (
			);
			name = KeyboardStateWrapper;
			productName = KeyboardStateWrapper;
			productReference = 8FFFEE852A42940E006A5CDD /* KeyboardStateWrapper.app */;
			productType = "com.apple.product-type.application";
		};
/* End PBXNativeTarget section */

/* Begin PBXProject section */
		8FFFEE7D2A42940E006A5CDD /* Project object */ = {
			isa = PBXProject;
			attributes = {
				BuildIndependentTargetsInParallel = 1;
				LastSwiftUpdateCheck = 1420;
				LastUpgradeCheck = 1420;
				TargetAttributes = {
					8FFFEE842A42940E006A5CDD = {
						CreatedOnToolsVersion = 14.2;
					};
				};
			};
			buildConfigurationList = 8FFFEE802A42940E006A5CDD /* Build configuration list for PBXProject "KeyboardStateWrapper" */;
			compatibilityVersion = "Xcode 14.0";
			developmentRegion = en;
			hasScannedForEncodings = 0;
			knownRegions = (
				en,
				Base,
			);
			mainGroup = 8FFFEE7C2A42940E006A5CDD;
			productRefGroup = 8FFFEE862A42940E006A5CDD /* Products */;
			projectDirPath = "";
			projectRoot = "";
			targets = (
				8FFFEE842A42940E006A5CDD /* KeyboardStateWrapper */,
			);
		};
/* End PBXProject section */

/* Begin PBXResourcesBuildPhase section */
		8FFFEE832A42940E006A5CDD /* Resources */ = {
			isa = PBXResourcesBuildPhase;
			buildActionMask = 2147483647;
			files = (
				8FFFEE952A429411006A5CDD /* LaunchScreen.storyboard in Resources */,
				8FFFEE922A429410006A5CDD /* Assets.xcassets in Resources */,
				8FFFEE902A42940E006A5CDD /* Main.storyboard in Resources */,
			);
			runOnlyForDeploymentPostprocessing = 0;
		};
/* End PBXResourcesBuildPhase section */

/* Begin PBXSourcesBuildPhase section */
		8FFFEE812A42940E006A5CDD /* Sources */ = {
			isa = PBXSourcesBuildPhase;
			buildActionMask = 2147483647;
			files = (
				8FFFEE9E2A4294F1006A5CDD /* KeyboardState.swift in Sources */,
				8FFFEE8D2A42940E006A5CDD /* ViewController.swift in Sources */,
				8FFFEE892A42940E006A5CDD /* AppDelegate.swift in Sources */,
				8FFFEE8B2A42940E006A5CDD /* SceneDelegate.swift in Sources */,
			);
			runOnlyForDeploymentPostprocessing = 0;
		};
/* End PBXSourcesBuildPhase section */

/* Begin PBXVariantGroup section */
		8FFFEE8E2A42940E006A5CDD /* Main.storyboard */ = {
			isa = PBXVariantGroup;
			children = (
				8FFFEE8F2A42940E006A5CDD /* Base */,
			);
			name = Main.storyboard;
			sourceTree = "<group>";
		};
		8FFFEE932A429410006A5CDD /* LaunchScreen.storyboard */ = {
			isa = PBXVariantGroup;
			children = (
				8FFFEE942A429410006A5CDD /* Base */,
			);
			name = LaunchScreen.storyboard;
			sourceTree = "<group>";
		};
/* End PBXVariantGroup section */

/* Begin XCBuildConfiguration section */
		8FFFEE972A429411006A5CDD /* Debug */ = {
			isa = XCBuildConfiguration;
			buildSettings = {
				ALWAYS_SEARCH_USER_PATHS = NO;
				CLANG_ANALYZER_NONNULL = YES;
				CLANG_ANALYZER_NUMBER_OBJECT_CONVERSION = YES_AGGRESSIVE;
				CLANG_CXX_LANGUAGE_STANDARD = "gnu++20";
				CLANG_ENABLE_MODULES = YES;
				CLANG_ENABLE_OBJC_ARC = YES;
				CLANG_ENABLE_OBJC_WEAK = YES;
				CLANG_WARN_BLOCK_CAPTURE_AUTORELEASING = YES;
				CLANG_WARN_BOOL_CONVERSION = YES;
				CLANG_WARN_COMMA = YES;
				CLANG_WARN_CONSTANT_CONVERSION = YES;
				CLANG_WARN_DEPRECATED_OBJC_IMPLEMENTATIONS = YES;
				CLANG_WARN_DIRECT_OBJC_ISA_USAGE = YES_ERROR;
				CLANG_WARN_DOCUMENTATION_COMMENTS = YES;
				CLANG_WARN_EMPTY_BODY = YES;
				CLANG_WARN_ENUM_CONVERSION = YES;
				CLANG_WARN_INFINITE_RECURSION = YES;
				CLANG_WARN_INT_CONVERSION = YES;
				CLANG_WARN_NON_LITERAL_NULL_CONVERSION = YES;
				CLANG_WARN_OBJC_IMPLICIT_RETAIN_SELF = YES;
				CLANG_WARN_OBJC_LITERAL_CONVERSION = YES;
				CLANG_WARN_OBJC_ROOT_CLASS = YES_ERROR;
				CLANG_WARN_QUOTED_INCLUDE_IN_FRAMEWORK_HEADER = YES;
				CLANG_WARN_RANGE_LOOP_ANALYSIS = YES;
				CLANG_WARN_STRICT_PROTOTYPES = YES;
				CLANG_WARN_SUSPICIOUS_MOVE = YES;
				CLANG_WARN_UNGUARDED_AVAILABILITY = YES_AGGRESSIVE;
				CLANG_WARN_UNREACHABLE_CODE = YES;
				CLANG_WARN__DUPLICATE_METHOD_MATCH = YES;
				COPY_PHASE_STRIP = NO;
				DEBUG_INFORMATION_FORMAT = dwarf;
				ENABLE_STRICT_OBJC_MSGSEND = YES;
				ENABLE_TESTABILITY = YES;
				GCC_C_LANGUAGE_STANDARD = gnu11;
				GCC_DYNAMIC_NO_PIC = NO;
				GCC_NO_COMMON_BLOCKS = YES;
				GCC_OPTIMIZATION_LEVEL = 0;
				GCC_PREPROCESSOR_DEFINITIONS = (
					"DEBUG=1",
					"$(inherited)",
				);
				GCC_WARN_64_TO_32_BIT_CONVERSION = YES;
				GCC_WARN_ABOUT_RETURN_TYPE = YES_ERROR;
				GCC_WARN_UNDECLARED_SELECTOR = YES;
				GCC_WARN_UNINITIALIZED_AUTOS = YES_AGGRESSIVE;
				GCC_WARN_UNUSED_FUNCTION = YES;
				GCC_WARN_UNUSED_VARIABLE = YES;
				IPHONEOS_DEPLOYMENT_TARGET = 13.0;
				MTL_ENABLE_DEBUG_INFO = INCLUDE_SOURCE;
				MTL_FAST_MATH = YES;
				ONLY_ACTIVE_ARCH = YES;
				SDKROOT = iphoneos;
				SWIFT_ACTIVE_COMPILATION_CONDITIONS = DEBUG;
				SWIFT_OPTIMIZATION_LEVEL = "-Onone";
			};
			name = Debug;
		};
		8FFFEE982A429411006A5CDD /* Release */ = {
			isa = XCBuildConfiguration;
			buildSettings = {
				ALWAYS_SEARCH_USER_PATHS = NO;
				CLANG_ANALYZER_NONNULL = YES;
				CLANG_ANALYZER_NUMBER_OBJECT_CONVERSION = YES_AGGRESSIVE;
				CLANG_CXX_LANGUAGE_STANDARD = "gnu++20";
				CLANG_ENABLE_MODULES = YES;
				CLANG_ENABLE_OBJC_ARC = YES;
				CLANG_ENABLE_OBJC_WEAK = YES;
				CLANG_WARN_BLOCK_CAPTURE_AUTORELEASING = YES;
				CLANG_WARN_BOOL_CONVERSION = YES;
				CLANG_WARN_COMMA = YES;
				CLANG_WARN_CONSTANT_CONVERSION = YES;
				CLANG_WARN_DEPRECATED_OBJC_IMPLEMENTATIONS = YES;
				CLANG_WARN_DIRECT_OBJC_ISA_USAGE = YES_ERROR;
				CLANG_WARN_DOCUMENTATION_COMMENTS = YES;
				CLANG_WARN_EMPTY_BODY = YES;
				CLANG_WARN_ENUM_CONVERSION = YES;
				CLANG_WARN_INFINITE_RECURSION = YES;
				CLANG_WARN_INT_CONVERSION = YES;
				CLANG_WARN_NON_LITERAL_NULL_CONVERSION = YES;
				CLANG_WARN_OBJC_IMPLICIT_RETAIN_SELF = YES;
				CLANG_WARN_OBJC_LITERAL_CONVERSION = YES;
				CLANG_WARN_OBJC_ROOT_CLASS = YES_ERROR;
				CLANG_WARN_QUOTED_INCLUDE_IN_FRAMEWORK_HEADER = YES;
				CLANG_WARN_RANGE_LOOP_ANALYSIS = YES;
				CLANG_WARN_STRICT_PROTOTYPES = YES;
				CLANG_WARN_SUSPICIOUS_MOVE = YES;
				CLANG_WARN_UNGUARDED_AVAILABILITY = YES_AGGRESSIVE;
				CLANG_WARN_UNREACHABLE_CODE = YES;
				CLANG_WARN__DUPLICATE_METHOD_MATCH = YES;
				COPY_PHASE_STRIP = NO;
				DEBUG_INFORMATION_FORMAT = "dwarf-with-dsym";
				ENABLE_NS_ASSERTIONS = NO;
				ENABLE_STRICT_OBJC_MSGSEND = YES;
				GCC_C_LANGUAGE_STANDARD = gnu11;
				GCC_NO_COMMON_BLOCKS = YES;
				GCC_WARN_64_TO_32_BIT_CONVERSION = YES;
				GCC_WARN_ABOUT_RETURN_TYPE = YES_ERROR;
				GCC_WARN_UNDECLARED_SELECTOR = YES;
				GCC_WARN_UNINITIALIZED_AUTOS = YES_AGGRESSIVE;
				GCC_WARN_UNUSED_FUNCTION = YES;
				GCC_WARN_UNUSED_VARIABLE = YES;
				IPHONEOS_DEPLOYMENT_TARGET = 13.0;
				MTL_ENABLE_DEBUG_INFO = NO;
				MTL_FAST_MATH = YES;
				SDKROOT = iphoneos;
				SWIFT_COMPILATION_MODE = wholemodule;
				SWIFT_OPTIMIZATION_LEVEL = "-O";
				VALIDATE_PRODUCT = YES;
			};
			name = Release;
		};
		8FFFEE9A2A429411006A5CDD /* Debug */ = {
			isa = XCBuildConfiguration;
			buildSettings = {
				ASSETCATALOG_COMPILER_APPICON_NAME = AppIcon;
				ASSETCATALOG_COMPILER_GLOBAL_ACCENT_COLOR_NAME = AccentColor;
				CODE_SIGN_STYLE = Automatic;
				CURRENT_PROJECT_VERSION = 1;
				DEVELOPMENT_TEAM = 358A96VMMP;
				GENERATE_INFOPLIST_FILE = YES;
				INFOPLIST_FILE = KeyboardStateWrapper/Info.plist;
				INFOPLIST_KEY_UIApplicationSupportsIndirectInputEvents = YES;
				INFOPLIST_KEY_UILaunchStoryboardName = LaunchScreen;
				INFOPLIST_KEY_UIMainStoryboardFile = Main;
				INFOPLIST_KEY_UISupportedInterfaceOrientations_iPad = "UIInterfaceOrientationPortrait UIInterfaceOrientationPortraitUpsideDown UIInterfaceOrientationLandscapeLeft UIInterfaceOrientationLandscapeRight";
				INFOPLIST_KEY_UISupportedInterfaceOrientations_iPhone = "UIInterfaceOrientationPortrait UIInterfaceOrientationLandscapeLeft UIInterfaceOrientationLandscapeRight";
				LD_RUNPATH_SEARCH_PATHS = (
					"$(inherited)",
					"@executable_path/Frameworks",
				);
				MARKETING_VERSION = 1.0;
				PRODUCT_BUNDLE_IDENTIFIER = com.flexible.sandbox.KeyboardStateWrapper;
				PRODUCT_NAME = "$(TARGET_NAME)";
				SWIFT_EMIT_LOC_STRINGS = YES;
				SWIFT_VERSION = 5.0;
				TARGETED_DEVICE_FAMILY = "1,2";
			};
			name = Debug;
		};
		8FFFEE9B2A429411006A5CDD /* Release */ = {
			isa = XCBuildConfiguration;
			buildSettings = {
				ASSETCATALOG_COMPILER_APPICON_NAME = AppIcon;
				ASSETCATALOG_COMPILER_GLOBAL_ACCENT_COLOR_NAME = AccentColor;
				CODE_SIGN_STYLE = Automatic;
				CURRENT_PROJECT_VERSION = 1;
				DEVELOPMENT_TEAM = 358A96VMMP;
				GENERATE_INFOPLIST_FILE = YES;
				INFOPLIST_FILE = KeyboardStateWrapper/Info.plist;
				INFOPLIST_KEY_UIApplicationSupportsIndirectInputEvents = YES;
				INFOPLIST_KEY_UILaunchStoryboardName = LaunchScreen;
				INFOPLIST_KEY_UIMainStoryboardFile = Main;
				INFOPLIST_KEY_UISupportedInterfaceOrientations_iPad = "UIInterfaceOrientationPortrait UIInterfaceOrientationPortraitUpsideDown UIInterfaceOrientationLandscapeLeft UIInterfaceOrientationLandscapeRight";
				INFOPLIST_KEY_UISupportedInterfaceOrientations_iPhone = "UIInterfaceOrientationPortrait UIInterfaceOrientationLandscapeLeft UIInterfaceOrientationLandscapeRight";
				LD_RUNPATH_SEARCH_PATHS = (
					"$(inherited)",
					"@executable_path/Frameworks",
				);
				MARKETING_VERSION = 1.0;
				PRODUCT_BUNDLE_IDENTIFIER = com.flexible.sandbox.KeyboardStateWrapper;
				PRODUCT_NAME = "$(TARGET_NAME)";
				SWIFT_EMIT_LOC_STRINGS = YES;
				SWIFT_VERSION = 5.0;
				TARGETED_DEVICE_FAMILY = "1,2";
			};
			name = Release;
		};
/* End XCBuildConfiguration section */

/* Begin XCConfigurationList section */
		8FFFEE802A42940E006A5CDD /* Build configuration list for PBXProject "KeyboardStateWrapper" */ = {
			isa = XCConfigurationList;
			buildConfigurations = (
				8FFFEE972A429411006A5CDD /* Debug */,
				8FFFEE982A429411006A5CDD /* Release */,
			);
			defaultConfigurationIsVisible = 0;
			defaultConfigurationName = Release;
		};
		8FFFEE992A429411006A5CDD /* Build configuration list for PBXNativeTarget "KeyboardStateWrapper" */ = {
			isa = XCConfigurationList;
			buildConfigurations = (
				8FFFEE9A2A429411006A5CDD /* Debug */,
				8FFFEE9B2A429411006A5CDD /* Release */,
			);
			defaultConfigurationIsVisible = 0;
			defaultConfigurationName = Release;
		};
/* End XCConfigurationList section */
	};
	rootObject = 8FFFEE7D2A42940E006A5CDD /* Project object */;
}
